
Microsoft Visual Studio Solution File, Format Version 12.00
# Visual Studio 2013
VisualStudioVersion = 12.0.0.0
MinimumVisualStudioVersion = 10.0.0.1
Project("{FAE04EC0-301F-11D3-BF4B-00C04F79EFBC}") = "ImportantStuff", "ImportantStuff.csproj", "{70808523-74C5-4A7E-BB10-0643EB912175}"
EndProject
Global
	GlobalSection(SolutionConfigurationPlatforms) = preSolution
		Debug|Any CPU = Debug|Any CPU
		Release|Any CPU = Release|Any CPU
	EndGlobalSection
	GlobalSection(ProjectConfigurationPlatforms) = postSolution
		{70808523-74C5-4A7E-BB10-0643EB912175}.Debug|Any CPU.ActiveCfg = Debug|Any CPU
		{70808523-74C5-4A7E-BB10-0643EB912175}.Debug|Any CPU.Build.0 = Debug|Any CPU
		{70808523-74C5-4A7E-BB10-0643EB912175}.Release|Any CPU.ActiveCfg = Release|Any CPU
		{70808523-74C5-4A7E-BB10-0643EB912175}.Release|Any CPU.Build.0 = Release|Any CPU
	EndGlobalSection
	GlobalSection(SolutionProperties) = preSolution
		HideSolutionNode = FALSE
	EndGlobalSection
EndGlobal
